{
  "name": "analisador_lexico",
  "version": "1.0.0",
  "lockfileVersion": 1,
  "requires": true,
  "dependencies": {
    "@types/node": {
      "version": "14.14.34",
      "resolved": "https://registry.npmjs.org/@types/node/-/node-14.14.34.tgz",
      "integrity": "sha512-dBPaxocOK6UVyvhbnpFIj2W+S+1cBTkHQbFQfeeJhoKFbzYcVUGHvddeWPSucKATb3F0+pgDq0i6ghEaZjsugA==",
      "dev": true
    },
    "typescript": {
      "version": "3.3.3",
      "resolved": "https://registry.npmjs.org/typescript/-/typescript-3.3.3.tgz",
      "integrity": "sha512-Y21Xqe54TBVp+VDSNbuDYdGw0BpoR/Q6wo/+35M8PAU0vipahnyduJWirxxdxjsAkS7hue53x2zp8gz7F05u0A==",
      "dev": true
    }
  }
}
